
Microsoft Visual Studio Solution File, Format Version 12.00
# Visual Studio 2013
VisualStudioVersion = 12.0.40629.0
MinimumVisualStudioVersion = 10.0.40219.1
Project("{FAE04EC0-301F-11D3-BF4B-00C04F79EFBC}") = "WsTask", "WsTask\WsTask.csproj", "{E3707223-159B-44A5-AB7D-8E8AB860C96D}"
EndProject
Project("{FAE04EC0-301F-11D3-BF4B-00C04F79EFBC}") = "Repository", "Repository\Repository.csproj", "{58DF3F75-EB2B-4902-B156-BD0C6A014C7C}"
EndProject
Project("{FAE04EC0-301F-11D3-BF4B-00C04F79EFBC}") = "Entities", "Entities\Entities.csproj", "{C4F81460-ECBA-450F-921F-EA67C80A8D0B}"
EndProject
Project("{FAE04EC0-301F-11D3-BF4B-00C04F79EFBC}") = "WsTask.test", "WsTask.test\WsTask.test.csproj", "{9E1FB1AF-9A0E-48AE-BAE0-49EBF126F59B}"
EndProject
Global
	GlobalSection(SolutionConfigurationPlatforms) = preSolution
		Debug|Any CPU = Debug|Any CPU
		Release|Any CPU = Release|Any CPU
	EndGlobalSection
	GlobalSection(ProjectConfigurationPlatforms) = postSolution
		{E3707223-159B-44A5-AB7D-8E8AB860C96D}.Debug|Any CPU.ActiveCfg = Debug|Any CPU
		{E3707223-159B-44A5-AB7D-8E8AB860C96D}.Debug|Any CPU.Build.0 = Debug|Any CPU
		{E3707223-159B-44A5-AB7D-8E8AB860C96D}.Release|Any CPU.ActiveCfg = Release|Any CPU
		{E3707223-159B-44A5-AB7D-8E8AB860C96D}.Release|Any CPU.Build.0 = Release|Any CPU
		{58DF3F75-EB2B-4902-B156-BD0C6A014C7C}.Debug|Any CPU.ActiveCfg = Debug|Any CPU
		{58DF3F75-EB2B-4902-B156-BD0C6A014C7C}.Debug|Any CPU.Build.0 = Debug|Any CPU
		{58DF3F75-EB2B-4902-B156-BD0C6A014C7C}.Release|Any CPU.ActiveCfg = Release|Any CPU
		{58DF3F75-EB2B-4902-B156-BD0C6A014C7C}.Release|Any CPU.Build.0 = Release|Any CPU
		{C4F81460-ECBA-450F-921F-EA67C80A8D0B}.Debug|Any CPU.ActiveCfg = Debug|Any CPU
		{C4F81460-ECBA-450F-921F-EA67C80A8D0B}.Debug|Any CPU.Build.0 = Debug|Any CPU
		{C4F81460-ECBA-450F-921F-EA67C80A8D0B}.Release|Any CPU.ActiveCfg = Release|Any CPU
		{C4F81460-ECBA-450F-921F-EA67C80A8D0B}.Release|Any CPU.Build.0 = Release|Any CPU
		{9E1FB1AF-9A0E-48AE-BAE0-49EBF126F59B}.Debug|Any CPU.ActiveCfg = Debug|Any CPU
		{9E1FB1AF-9A0E-48AE-BAE0-49EBF126F59B}.Debug|Any CPU.Build.0 = Debug|Any CPU
		{9E1FB1AF-9A0E-48AE-BAE0-49EBF126F59B}.Release|Any CPU.ActiveCfg = Release|Any CPU
		{9E1FB1AF-9A0E-48AE-BAE0-49EBF126F59B}.Release|Any CPU.Build.0 = Release|Any CPU
	EndGlobalSection
	GlobalSection(SolutionProperties) = preSolution
		HideSolutionNode = FALSE
	EndGlobalSection
EndGlobal
